PODS:
  - React/BatchedBridge (1000.0.0):
    - React/Core
    - React/cxxreact_legacy
  - React/Core (1000.0.0):
    - Yoga (= 1000.0.0.React)
  - React/cxxreact_legacy (1000.0.0):
    - React/jschelpers_legacy
  - React/DevSupport (1000.0.0):
    - React/Core
    - React/jschelpers_legacy
    - React/RCTWebSocket
  - React/jschelpers_legacy (1000.0.0)
  - React/RCTWebSocket (1000.0.0):
    - React/Core
  - Yoga (1000.0.0.React)

DEPENDENCIES:
  - React/BatchedBridge (from `node_modules/react-native`)
  - React/DevSupport (from `node_modules/react-native`)
  - Yoga (from `node_modules/react-native/ReactCommon/yoga`)

EXTERNAL SOURCES:
  React:
    :path: node_modules/react-native
  Yoga:
    :path: node_modules/react-native/ReactCommon/yoga

SPEC CHECKSUMS:
  React: 9a76a32ff9bf26bee0fa8529e46b6cce6f9ab4ee
  Yoga: c0e8be92624958d0deb85559c7cec3a4b925d33a

PODFILE CHECKSUM: dbd7fc1fb47370be5720abc2c821cb9a664f8a13

COCOAPODS: 1.2.1
