PODS:
  - React/BatchedBridge (0.47.0-rc.2):
    - React/Core
    - React/cxxreact_legacy
  - React/Core (0.47.0-rc.2):
    - Yoga (= 0.47.0-rc.2.React)
  - React/cxxreact_legacy (0.47.0-rc.2):
    - React/jschelpers_legacy
  - React/DevSupport (0.47.0-rc.2):
    - React/Core
    - React/RCTWebSocket
  - React/jschelpers_legacy (0.47.0-rc.2)
  - React/RCTWebSocket (0.47.0-rc.2):
    - React/Core
  - Yoga (0.47.0-rc.2.React)

DEPENDENCIES:
  - React/BatchedBridge (from `node_modules/react-native`)
  - React/DevSupport (from `node_modules/react-native`)
  - Yoga (from `node_modules/react-native/ReactCommon/yoga`)

EXTERNAL SOURCES:
  React:
    :path: node_modules/react-native
  Yoga:
    :path: node_modules/react-native/ReactCommon/yoga

SPEC CHECKSUMS:
  React: 3c0dcabe59ba1a3256d16bdb45ca83cb8641d107
  Yoga: 2269efaba41d2841884b5940a9faf9e33b19ab0b

PODFILE CHECKSUM: dbd7fc1fb47370be5720abc2c821cb9a664f8a13

COCOAPODS: 1.2.1
